// !$*UTF8*$!
{
	archiveVersion = 1;
	classes = {
	};
	objectVersion = 46;
	objects = {

/* Begin PBXBuildFile section */
		AA1BF1201D543CB100BD82D4 /* OptionParse.h in Headers */ = {isa = PBXBuildFile; fileRef = AA1BF11F1D543CB100BD82D4 /* OptionParse.h */; settings = {ATTRIBUTES = (Public, ); }; };
		AA1BF1271D543CB100BD82D4 /* OptionParse.framework in Frameworks */ = {isa = PBXBuildFile; fileRef = AA1BF11C1D543CB100BD82D4 /* OptionParse.framework */; };
		AA1BF12C1D543CB100BD82D4 /* OptionParseTests.swift in Sources */ = {isa = PBXBuildFile; fileRef = AA1BF12B1D543CB100BD82D4 /* OptionParseTests.swift */; };
		AA1BF1371D543D0700BD82D4 /* Option.swift in Sources */ = {isa = PBXBuildFile; fileRef = AA1BF1361D543D0700BD82D4 /* Option.swift */; };
		AAC0C5F01D55AD3C00C3C5EF /* OptionParser.swift in Sources */ = {isa = PBXBuildFile; fileRef = AAC0C5EF1D55AD3C00C3C5EF /* OptionParser.swift */; };
		AAC0C5F21D55AEF100C3C5EF /* Errors.swift in Sources */ = {isa = PBXBuildFile; fileRef = AAC0C5F11D55AEF100C3C5EF /* Errors.swift */; };
		B113FD081D6E53D2008D8EFA /* OptionParse.framework in CopyFiles */ = {isa = PBXBuildFile; fileRef = AA1BF11C1D543CB100BD82D4 /* OptionParse.framework */; settings = {ATTRIBUTES = (CodeSignOnCopy, RemoveHeadersOnCopy, ); }; };
		B1FBEE101D6D00EF0086CE59 /* main.swift in Sources */ = {isa = PBXBuildFile; fileRef = AAC0C5E91D55ACEF00C3C5EF /* main.swift */; };
/* End PBXBuildFile section */

/* Begin PBXContainerItemProxy section */
		AA1BF1281D543CB100BD82D4 /* PBXContainerItemProxy */ = {
			isa = PBXContainerItemProxy;
			containerPortal = AA1BF1131D543CB100BD82D4 /* Project object */;
			proxyType = 1;
			remoteGlobalIDString = AA1BF11B1D543CB100BD82D4;
			remoteInfo = OptionParse;
		};
		B1FBEE111D6D01880086CE59 /* PBXContainerItemProxy */ = {
			isa = PBXContainerItemProxy;
			containerPortal = AA1BF1131D543CB100BD82D4 /* Project object */;
			proxyType = 1;
			remoteGlobalIDString = AA1BF11B1D543CB100BD82D4;
			remoteInfo = OptionParse;
		};
/* End PBXContainerItemProxy section */

/* Begin PBXCopyFilesBuildPhase section */
		B113FD071D6E53C5008D8EFA /* CopyFiles */ = {
			isa = PBXCopyFilesBuildPhase;
			buildActionMask = 2147483647;
			dstPath = "";
			dstSubfolderSpec = 10;
			files = (
				B113FD081D6E53D2008D8EFA /* OptionParse.framework in CopyFiles */,
			);
			runOnlyForDeploymentPostprocessing = 0;
		};
/* End PBXCopyFilesBuildPhase section */

/* Begin PBXFileReference section */
		AA1BF11C1D543CB100BD82D4 /* OptionParse.framework */ = {isa = PBXFileReference; explicitFileType = wrapper.framework; includeInIndex = 0; path = OptionParse.framework; sourceTree = BUILT_PRODUCTS_DIR; };
		AA1BF11F1D543CB100BD82D4 /* OptionParse.h */ = {isa = PBXFileReference; lastKnownFileType = sourcecode.c.h; path = OptionParse.h; sourceTree = "<group>"; };
		AA1BF1211D543CB100BD82D4 /* Info.plist */ = {isa = PBXFileReference; lastKnownFileType = text.plist.xml; path = Info.plist; sourceTree = "<group>"; };
		AA1BF1261D543CB100BD82D4 /* OptionParseTests.xctest */ = {isa = PBXFileReference; explicitFileType = wrapper.cfbundle; includeInIndex = 0; path = OptionParseTests.xctest; sourceTree = BUILT_PRODUCTS_DIR; };
		AA1BF12B1D543CB100BD82D4 /* OptionParseTests.swift */ = {isa = PBXFileReference; lastKnownFileType = sourcecode.swift; path = OptionParseTests.swift; sourceTree = "<group>"; };
		AA1BF12D1D543CB100BD82D4 /* Info.plist */ = {isa = PBXFileReference; lastKnownFileType = text.plist.xml; path = Info.plist; sourceTree = "<group>"; };
		AA1BF1361D543D0700BD82D4 /* Option.swift */ = {isa = PBXFileReference; fileEncoding = 4; lastKnownFileType = sourcecode.swift; path = Option.swift; sourceTree = "<group>"; };
		AAC0C5E91D55ACEF00C3C5EF /* main.swift */ = {isa = PBXFileReference; lastKnownFileType = sourcecode.swift; path = main.swift; sourceTree = "<group>"; };
		AAC0C5EF1D55AD3C00C3C5EF /* OptionParser.swift */ = {isa = PBXFileReference; fileEncoding = 4; lastKnownFileType = sourcecode.swift; path = OptionParser.swift; sourceTree = "<group>"; };
		AAC0C5F11D55AEF100C3C5EF /* Errors.swift */ = {isa = PBXFileReference; fileEncoding = 4; lastKnownFileType = sourcecode.swift; path = Errors.swift; sourceTree = "<group>"; };
		B1FBEE021D6D00CF0086CE59 /* OptionParseSample.app */ = {isa = PBXFileReference; explicitFileType = wrapper.application; includeInIndex = 0; path = OptionParseSample.app; sourceTree = BUILT_PRODUCTS_DIR; };
		B1FBEE0B1D6D00CF0086CE59 /* Info.plist */ = {isa = PBXFileReference; lastKnownFileType = text.plist.xml; path = Info.plist; sourceTree = "<group>"; };
/* End PBXFileReference section */

/* Begin PBXFrameworksBuildPhase section */
		AA1BF1181D543CB100BD82D4 /* Frameworks */ = {
			isa = PBXFrameworksBuildPhase;
			buildActionMask = 2147483647;
			files = (
			);
			runOnlyForDeploymentPostprocessing = 0;
		};
		AA1BF1231D543CB100BD82D4 /* Frameworks */ = {
			isa = PBXFrameworksBuildPhase;
			buildActionMask = 2147483647;
			files = (
				AA1BF1271D543CB100BD82D4 /* OptionParse.framework in Frameworks */,
			);
			runOnlyForDeploymentPostprocessing = 0;
		};
		B1FBEDFF1D6D00CF0086CE59 /* Frameworks */ = {
			isa = PBXFrameworksBuildPhase;
			buildActionMask = 2147483647;
			files = (
			);
			runOnlyForDeploymentPostprocessing = 0;
		};
/* End PBXFrameworksBuildPhase section */

/* Begin PBXGroup section */
		AA1BF1121D543CB100BD82D4 = {
			isa = PBXGroup;
			children = (
				AA1BF11E1D543CB100BD82D4 /* OptionParse */,
				AA1BF12A1D543CB100BD82D4 /* OptionParseTests */,
				B1FBEE031D6D00CF0086CE59 /* OptionParseSample */,
				AA1BF11D1D543CB100BD82D4 /* Products */,
			);
			sourceTree = "<group>";
		};
		AA1BF11D1D543CB100BD82D4 /* Products */ = {
			isa = PBXGroup;
			children = (
				AA1BF11C1D543CB100BD82D4 /* OptionParse.framework */,
				AA1BF1261D543CB100BD82D4 /* OptionParseTests.xctest */,
				B1FBEE021D6D00CF0086CE59 /* OptionParseSample.app */,
			);
			name = Products;
			sourceTree = "<group>";
		};
		AA1BF11E1D543CB100BD82D4 /* OptionParse */ = {
			isa = PBXGroup;
			children = (
				AA1BF11F1D543CB100BD82D4 /* OptionParse.h */,
				AA1BF1211D543CB100BD82D4 /* Info.plist */,
				AA1BF1361D543D0700BD82D4 /* Option.swift */,
				AAC0C5EF1D55AD3C00C3C5EF /* OptionParser.swift */,
				AAC0C5F11D55AEF100C3C5EF /* Errors.swift */,
			);
			path = OptionParse;
			sourceTree = "<group>";
		};
		AA1BF12A1D543CB100BD82D4 /* OptionParseTests */ = {
			isa = PBXGroup;
			children = (
				AA1BF12B1D543CB100BD82D4 /* OptionParseTests.swift */,
				AA1BF12D1D543CB100BD82D4 /* Info.plist */,
			);
			path = OptionParseTests;
			sourceTree = "<group>";
		};
		B1FBEE031D6D00CF0086CE59 /* OptionParseSample */ = {
			isa = PBXGroup;
			children = (
				AAC0C5E91D55ACEF00C3C5EF /* main.swift */,
				B1FBEE0B1D6D00CF0086CE59 /* Info.plist */,
			);
			path = OptionParseSample;
			sourceTree = "<group>";
		};
/* End PBXGroup section */

/* Begin PBXHeadersBuildPhase section */
		AA1BF1191D543CB100BD82D4 /* Headers */ = {
			isa = PBXHeadersBuildPhase;
			buildActionMask = 2147483647;
			files = (
				AA1BF1201D543CB100BD82D4 /* OptionParse.h in Headers */,
			);
			runOnlyForDeploymentPostprocessing = 0;
		};
/* End PBXHeadersBuildPhase section */

/* Begin PBXNativeTarget section */
		AA1BF11B1D543CB100BD82D4 /* OptionParse */ = {
			isa = PBXNativeTarget;
			buildConfigurationList = AA1BF1301D543CB100BD82D4 /* Build configuration list for PBXNativeTarget "OptionParse" */;
			buildPhases = (
				AA1BF1171D543CB100BD82D4 /* Sources */,
				AA1BF1181D543CB100BD82D4 /* Frameworks */,
				AA1BF1191D543CB100BD82D4 /* Headers */,
				AA1BF11A1D543CB100BD82D4 /* Resources */,
			);
			buildRules = (
			);
			dependencies = (
			);
			name = OptionParse;
			productName = OptionParse;
			productReference = AA1BF11C1D543CB100BD82D4 /* OptionParse.framework */;
			productType = "com.apple.product-type.framework";
		};
		AA1BF1251D543CB100BD82D4 /* OptionParseTests */ = {
			isa = PBXNativeTarget;
			buildConfigurationList = AA1BF1331D543CB100BD82D4 /* Build configuration list for PBXNativeTarget "OptionParseTests" */;
			buildPhases = (
				AA1BF1221D543CB100BD82D4 /* Sources */,
				AA1BF1231D543CB100BD82D4 /* Frameworks */,
				AA1BF1241D543CB100BD82D4 /* Resources */,
			);
			buildRules = (
			);
			dependencies = (
				AA1BF1291D543CB100BD82D4 /* PBXTargetDependency */,
			);
			name = OptionParseTests;
			productName = OptionParseTests;
			productReference = AA1BF1261D543CB100BD82D4 /* OptionParseTests.xctest */;
			productType = "com.apple.product-type.bundle.unit-test";
		};
		B1FBEE011D6D00CF0086CE59 /* OptionParseSample */ = {
			isa = PBXNativeTarget;
			buildConfigurationList = B1FBEE0C1D6D00CF0086CE59 /* Build configuration list for PBXNativeTarget "OptionParseSample" */;
			buildPhases = (
				B1FBEDFE1D6D00CF0086CE59 /* Sources */,
				B1FBEDFF1D6D00CF0086CE59 /* Frameworks */,
				B1FBEE001D6D00CF0086CE59 /* Resources */,
				B113FD071D6E53C5008D8EFA /* CopyFiles */,
			);
			buildRules = (
			);
			dependencies = (
				B1FBEE121D6D01880086CE59 /* PBXTargetDependency */,
			);
			name = OptionParseSample;
			productName = OptionParseSample;
			productReference = B1FBEE021D6D00CF0086CE59 /* OptionParseSample.app */;
			productType = "com.apple.product-type.application";
		};
/* End PBXNativeTarget section */

/* Begin PBXProject section */
		AA1BF1131D543CB100BD82D4 /* Project object */ = {
			isa = PBXProject;
			attributes = {
				LastSwiftUpdateCheck = 0730;
				LastUpgradeCheck = 0800;
				ORGANIZATIONNAME = "Steve Marquis";
				TargetAttributes = {
					AA1BF11B1D543CB100BD82D4 = {
						CreatedOnToolsVersion = 7.3.1;
					};
					AA1BF1251D543CB100BD82D4 = {
						CreatedOnToolsVersion = 7.3.1;
					};
					B1FBEE011D6D00CF0086CE59 = {
						CreatedOnToolsVersion = 7.3.1;
					};
				};
			};
			buildConfigurationList = AA1BF1161D543CB100BD82D4 /* Build configuration list for PBXProject "OptionParse" */;
			compatibilityVersion = "Xcode 3.2";
			developmentRegion = English;
			hasScannedForEncodings = 0;
			knownRegions = (
				en,
				Base,
			);
			mainGroup = AA1BF1121D543CB100BD82D4;
			productRefGroup = AA1BF11D1D543CB100BD82D4 /* Products */;
			projectDirPath = "";
			projectRoot = "";
			targets = (
				AA1BF11B1D543CB100BD82D4 /* OptionParse */,
				AA1BF1251D543CB100BD82D4 /* OptionParseTests */,
				B1FBEE011D6D00CF0086CE59 /* OptionParseSample */,
			);
		};
/* End PBXProject section */

/* Begin PBXResourcesBuildPhase section */
		AA1BF11A1D543CB100BD82D4 /* Resources */ = {
			isa = PBXResourcesBuildPhase;
			buildActionMask = 2147483647;
			files = (
			);
			runOnlyForDeploymentPostprocessing = 0;
		};
		AA1BF1241D543CB100BD82D4 /* Resources */ = {
			isa = PBXResourcesBuildPhase;
			buildActionMask = 2147483647;
			files = (
			);
			runOnlyForDeploymentPostprocessing = 0;
		};
		B1FBEE001D6D00CF0086CE59 /* Resources */ = {
			isa = PBXResourcesBuildPhase;
			buildActionMask = 2147483647;
			files = (
			);
			runOnlyForDeploymentPostprocessing = 0;
		};
/* End PBXResourcesBuildPhase section */

/* Begin PBXSourcesBuildPhase section */
		AA1BF1171D543CB100BD82D4 /* Sources */ = {
			isa = PBXSourcesBuildPhase;
			buildActionMask = 2147483647;
			files = (
				AA1BF1371D543D0700BD82D4 /* Option.swift in Sources */,
				AAC0C5F21D55AEF100C3C5EF /* Errors.swift in Sources */,
				AAC0C5F01D55AD3C00C3C5EF /* OptionParser.swift in Sources */,
			);
			runOnlyForDeploymentPostprocessing = 0;
		};
		AA1BF1221D543CB100BD82D4 /* Sources */ = {
			isa = PBXSourcesBuildPhase;
			buildActionMask = 2147483647;
			files = (
				AA1BF12C1D543CB100BD82D4 /* OptionParseTests.swift in Sources */,
			);
			runOnlyForDeploymentPostprocessing = 0;
		};
		B1FBEDFE1D6D00CF0086CE59 /* Sources */ = {
			isa = PBXSourcesBuildPhase;
			buildActionMask = 2147483647;
			files = (
				B1FBEE101D6D00EF0086CE59 /* main.swift in Sources */,
			);
			runOnlyForDeploymentPostprocessing = 0;
		};
/* End PBXSourcesBuildPhase section */

/* Begin PBXTargetDependency section */
		AA1BF1291D543CB100BD82D4 /* PBXTargetDependency */ = {
			isa = PBXTargetDependency;
			target = AA1BF11B1D543CB100BD82D4 /* OptionParse */;
			targetProxy = AA1BF1281D543CB100BD82D4 /* PBXContainerItemProxy */;
		};
		B1FBEE121D6D01880086CE59 /* PBXTargetDependency */ = {
			isa = PBXTargetDependency;
			target = AA1BF11B1D543CB100BD82D4 /* OptionParse */;
			targetProxy = B1FBEE111D6D01880086CE59 /* PBXContainerItemProxy */;
		};
/* End PBXTargetDependency section */

/* Begin XCBuildConfiguration section */
		AA1BF12E1D543CB100BD82D4 /* Debug */ = {
			isa = XCBuildConfiguration;
			buildSettings = {
				ALWAYS_SEARCH_USER_PATHS = NO;
				CLANG_ANALYZER_NONNULL = YES;
				CLANG_CXX_LANGUAGE_STANDARD = "gnu++0x";
				CLANG_CXX_LIBRARY = "libc++";
				CLANG_ENABLE_MODULES = YES;
				CLANG_ENABLE_OBJC_ARC = YES;
				CLANG_WARN_BOOL_CONVERSION = YES;
				CLANG_WARN_CONSTANT_CONVERSION = YES;
				CLANG_WARN_DIRECT_OBJC_ISA_USAGE = YES_ERROR;
				CLANG_WARN_EMPTY_BODY = YES;
				CLANG_WARN_ENUM_CONVERSION = YES;
				CLANG_WARN_INFINITE_RECURSION = YES;
				CLANG_WARN_INT_CONVERSION = YES;
				CLANG_WARN_OBJC_ROOT_CLASS = YES_ERROR;
				CLANG_WARN_SUSPICIOUS_MOVE = YES;
				CLANG_WARN_UNREACHABLE_CODE = YES;
				CLANG_WARN__DUPLICATE_METHOD_MATCH = YES;
				COPY_PHASE_STRIP = NO;
				CURRENT_PROJECT_VERSION = 1;
				DEBUG_INFORMATION_FORMAT = dwarf;
				ENABLE_STRICT_OBJC_MSGSEND = YES;
				ENABLE_TESTABILITY = YES;
				GCC_C_LANGUAGE_STANDARD = gnu99;
				GCC_DYNAMIC_NO_PIC = NO;
				GCC_NO_COMMON_BLOCKS = YES;
				GCC_OPTIMIZATION_LEVEL = 0;
				GCC_PREPROCESSOR_DEFINITIONS = (
					"DEBUG=1",
					"$(inherited)",
				);
				GCC_WARN_64_TO_32_BIT_CONVERSION = YES;
				GCC_WARN_ABOUT_RETURN_TYPE = YES_ERROR;
				GCC_WARN_UNDECLARED_SELECTOR = YES;
				GCC_WARN_UNINITIALIZED_AUTOS = YES_AGGRESSIVE;
				GCC_WARN_UNUSED_FUNCTION = YES;
				GCC_WARN_UNUSED_VARIABLE = YES;
				MACOSX_DEPLOYMENT_TARGET = 10.9;
				MTL_ENABLE_DEBUG_INFO = YES;
				ONLY_ACTIVE_ARCH = YES;
				OTHER_SWIFT_FLAGS = "";
				SDKROOT = macosx;
				SWIFT_OPTIMIZATION_LEVEL = "-Onone";
				SWIFT_VERSION = 2.3;
				VERSIONING_SYSTEM = "apple-generic";
				VERSION_INFO_PREFIX = "";
			};
			name = Debug;
		};
		AA1BF12F1D543CB100BD82D4 /* Release */ = {
			isa = XCBuildConfiguration;
			buildSettings = {
				ALWAYS_SEARCH_USER_PATHS = NO;
				CLANG_ANALYZER_NONNULL = YES;
				CLANG_CXX_LANGUAGE_STANDARD = "gnu++0x";
				CLANG_CXX_LIBRARY = "libc++";
				CLANG_ENABLE_MODULES = YES;
				CLANG_ENABLE_OBJC_ARC = YES;
				CLANG_WARN_BOOL_CONVERSION = YES;
				CLANG_WARN_CONSTANT_CONVERSION = YES;
				CLANG_WARN_DIRECT_OBJC_ISA_USAGE = YES_ERROR;
				CLANG_WARN_EMPTY_BODY = YES;
				CLANG_WARN_ENUM_CONVERSION = YES;
				CLANG_WARN_INFINITE_RECURSION = YES;
				CLANG_WARN_INT_CONVERSION = YES;
				CLANG_WARN_OBJC_ROOT_CLASS = YES_ERROR;
				CLANG_WARN_SUSPICIOUS_MOVE = YES;
				CLANG_WARN_UNREACHABLE_CODE = YES;
				CLANG_WARN__DUPLICATE_METHOD_MATCH = YES;
				COPY_PHASE_STRIP = NO;
				CURRENT_PROJECT_VERSION = 1;
				DEBUG_INFORMATION_FORMAT = "dwarf-with-dsym";
				ENABLE_NS_ASSERTIONS = NO;
				ENABLE_STRICT_OBJC_MSGSEND = YES;
				GCC_C_LANGUAGE_STANDARD = gnu99;
				GCC_NO_COMMON_BLOCKS = YES;
				GCC_WARN_64_TO_32_BIT_CONVERSION = YES;
				GCC_WARN_ABOUT_RETURN_TYPE = YES_ERROR;
				GCC_WARN_UNDECLARED_SELECTOR = YES;
				GCC_WARN_UNINITIALIZED_AUTOS = YES_AGGRESSIVE;
				GCC_WARN_UNUSED_FUNCTION = YES;
				GCC_WARN_UNUSED_VARIABLE = YES;
				MACOSX_DEPLOYMENT_TARGET = 10.9;
				MTL_ENABLE_DEBUG_INFO = NO;
				OTHER_SWIFT_FLAGS = "";
				SDKROOT = macosx;
				SWIFT_OPTIMIZATION_LEVEL = "-Owholemodule";
				SWIFT_VERSION = 2.3;
				VERSIONING_SYSTEM = "apple-generic";
				VERSION_INFO_PREFIX = "";
			};
			name = Release;
		};
		AA1BF1311D543CB100BD82D4 /* Debug */ = {
			isa = XCBuildConfiguration;
			buildSettings = {
				CLANG_ENABLE_MODULES = YES;
				COMBINE_HIDPI_IMAGES = YES;
				DEFINES_MODULE = YES;
				DYLIB_COMPATIBILITY_VERSION = 1;
				DYLIB_CURRENT_VERSION = 1;
				DYLIB_INSTALL_NAME_BASE = "@rpath";
				FRAMEWORK_VERSION = A;
				INFOPLIST_FILE = OptionParse/Info.plist;
				INSTALL_PATH = "$(LOCAL_LIBRARY_DIR)/Frameworks";
				LD_RUNPATH_SEARCH_PATHS = "$(inherited) @executable_path/../Frameworks @loader_path/Frameworks";
				PRODUCT_BUNDLE_IDENTIFIER = com.BobDevil.OptionParse;
				PRODUCT_NAME = "$(TARGET_NAME)";
				SKIP_INSTALL = YES;
				SWIFT_OPTIMIZATION_LEVEL = "-Onone";
			};
			name = Debug;
		};
		AA1BF1321D543CB100BD82D4 /* Release */ = {
			isa = XCBuildConfiguration;
			buildSettings = {
				CLANG_ENABLE_MODULES = YES;
				COMBINE_HIDPI_IMAGES = YES;
				DEFINES_MODULE = YES;
				DYLIB_COMPATIBILITY_VERSION = 1;
				DYLIB_CURRENT_VERSION = 1;
				DYLIB_INSTALL_NAME_BASE = "@rpath";
				FRAMEWORK_VERSION = A;
				INFOPLIST_FILE = OptionParse/Info.plist;
				INSTALL_PATH = "$(LOCAL_LIBRARY_DIR)/Frameworks";
				LD_RUNPATH_SEARCH_PATHS = "$(inherited) @executable_path/../Frameworks @loader_path/Frameworks";
				PRODUCT_BUNDLE_IDENTIFIER = com.BobDevil.OptionParse;
				PRODUCT_NAME = "$(TARGET_NAME)";
				SKIP_INSTALL = YES;
			};
			name = Release;
		};
		AA1BF1341D543CB100BD82D4 /* Debug */ = {
			isa = XCBuildConfiguration;
			buildSettings = {
				COMBINE_HIDPI_IMAGES = YES;
				INFOPLIST_FILE = OptionParseTests/Info.plist;
				LD_RUNPATH_SEARCH_PATHS = "$(inherited) @executable_path/../Frameworks @loader_path/../Frameworks";
				PRODUCT_BUNDLE_IDENTIFIER = com.BobDevil.OptionParseTests;
				PRODUCT_NAME = "$(TARGET_NAME)";
			};
			name = Debug;
		};
		AA1BF1351D543CB100BD82D4 /* Release */ = {
			isa = XCBuildConfiguration;
			buildSettings = {
				COMBINE_HIDPI_IMAGES = YES;
				INFOPLIST_FILE = OptionParseTests/Info.plist;
				LD_RUNPATH_SEARCH_PATHS = "$(inherited) @executable_path/../Frameworks @loader_path/../Frameworks";
				PRODUCT_BUNDLE_IDENTIFIER = com.BobDevil.OptionParseTests;
				PRODUCT_NAME = "$(TARGET_NAME)";
			};
			name = Release;
		};
		B1FBEE0D1D6D00CF0086CE59 /* Debug */ = {
			isa = XCBuildConfiguration;
			buildSettings = {
				ALWAYS_EMBED_SWIFT_STANDARD_LIBRARIES = YES;
				ASSETCATALOG_COMPILER_APPICON_NAME = AppIcon;
				COMBINE_HIDPI_IMAGES = YES;
				INFOPLIST_FILE = OptionParseSample/Info.plist;
				LD_RUNPATH_SEARCH_PATHS = "$(inherited) @executable_path/../Frameworks @executable_path";
				PRODUCT_BUNDLE_IDENTIFIER = com.workday.OptionParseSample;
				PRODUCT_NAME = "$(TARGET_NAME)";
			};
			name = Debug;
		};
		B1FBEE0E1D6D00CF0086CE59 /* Release */ = {
			isa = XCBuildConfiguration;
			buildSettings = {
				ALWAYS_EMBED_SWIFT_STANDARD_LIBRARIES = YES;
				ASSETCATALOG_COMPILER_APPICON_NAME = AppIcon;
				COMBINE_HIDPI_IMAGES = YES;
				INFOPLIST_FILE = OptionParseSample/Info.plist;
				LD_RUNPATH_SEARCH_PATHS = "$(inherited) @executable_path/../Frameworks @executable_path";
				PRODUCT_BUNDLE_IDENTIFIER = com.workday.OptionParseSample;
				PRODUCT_NAME = "$(TARGET_NAME)";
			};
			name = Release;
		};
/* End XCBuildConfiguration section */

/* Begin XCConfigurationList section */
		AA1BF1161D543CB100BD82D4 /* Build configuration list for PBXProject "OptionParse" */ = {
			isa = XCConfigurationList;
			buildConfigurations = (
				AA1BF12E1D543CB100BD82D4 /* Debug */,
				AA1BF12F1D543CB100BD82D4 /* Release */,
			);
			defaultConfigurationIsVisible = 0;
			defaultConfigurationName = Release;
		};
		AA1BF1301D543CB100BD82D4 /* Build configuration list for PBXNativeTarget "OptionParse" */ = {
			isa = XCConfigurationList;
			buildConfigurations = (
				AA1BF1311D543CB100BD82D4 /* Debug */,
				AA1BF1321D543CB100BD82D4 /* Release */,
			);
			defaultConfigurationIsVisible = 0;
			defaultConfigurationName = Release;
		};
		AA1BF1331D543CB100BD82D4 /* Build configuration list for PBXNativeTarget "OptionParseTests" */ = {
			isa = XCConfigurationList;
			buildConfigurations = (
				AA1BF1341D543CB100BD82D4 /* Debug */,
				AA1BF1351D543CB100BD82D4 /* Release */,
			);
			defaultConfigurationIsVisible = 0;
			defaultConfigurationName = Release;
		};
		B1FBEE0C1D6D00CF0086CE59 /* Build configuration list for PBXNativeTarget "OptionParseSample" */ = {
			isa = XCConfigurationList;
			buildConfigurations = (
				B1FBEE0D1D6D00CF0086CE59 /* Debug */,
				B1FBEE0E1D6D00CF0086CE59 /* Release */,
			);
			defaultConfigurationIsVisible = 0;
			defaultConfigurationName = Release;
		};
/* End XCConfigurationList section */
	};
	rootObject = AA1BF1131D543CB100BD82D4 /* Project object */;
}
